{
  "version": 4,
  "terraform_version": "1.0.1",
  "serial": 4,
  "lineage": "ab06caa5-8c99-60dd-375e-df1ffb99f750",
  "outputs": {},
  "resources": [
    {
      "mode": "managed",
      "type": "aws_iam_user",
      "name": "ajit",
      "provider": "provider[\"registry.terraform.io/hashicorp/aws\"]",
      "instances": [
        {
          "schema_version": 0,
          "attributes": {
            "arn": "arn:aws:iam::247282884048:user/ajit",
            "force_destroy": false,
            "id": "ajit",
            "name": "ajit",
            "path": "/",
            "permissions_boundary": null,
            "tags": null,
            "tags_all": {},
            "unique_id": "AIDATTEZVLXIH2TXX7UQN"
          },
          "sensitive_attributes": [],
          "private": "bnVsbA=="
        }
      ]
    }
  ]
}
